
Microsoft Visual Studio Solution File, Format Version 12.00
# Visual Studio 15
VisualStudioVersion = 15.0.27130.2003
MinimumVisualStudioVersion = 10.0.40219.1
Project("{FAE04EC0-301F-11D3-BF4B-00C04F79EFBC}") = "bai2", "bai2\bai2.csproj", "{8593A4E6-3845-4330-962F-BFDB210B089E}"
EndProject
Global
	GlobalSection(SolutionConfigurationPlatforms) = preSolution
		Debug|Any CPU = Debug|Any CPU
		Release|Any CPU = Release|Any CPU
	EndGlobalSection
	GlobalSection(ProjectConfigurationPlatforms) = postSolution
		{8593A4E6-3845-4330-962F-BFDB210B089E}.Debug|Any CPU.ActiveCfg = Debug|Any CPU
		{8593A4E6-3845-4330-962F-BFDB210B089E}.Debug|Any CPU.Build.0 = Debug|Any CPU
		{8593A4E6-3845-4330-962F-BFDB210B089E}.Release|Any CPU.ActiveCfg = Release|Any CPU
		{8593A4E6-3845-4330-962F-BFDB210B089E}.Release|Any CPU.Build.0 = Release|Any CPU
	EndGlobalSection
	GlobalSection(SolutionProperties) = preSolution
		HideSolutionNode = FALSE
	EndGlobalSection
	GlobalSection(ExtensibilityGlobals) = postSolution
		SolutionGuid = {0B626FC3-4487-46D6-B8A4-26B64D92581C}
	EndGlobalSection
EndGlobal
